
Microsoft Visual Studio Solution File, Format Version 12.00
# Visual Studio Version 16
VisualStudioVersion = 16.0.30907.101
MinimumVisualStudioVersion = 10.0.40219.1
Project("{FAE04EC0-301F-11D3-BF4B-00C04F79EFBC}") = "AQAPI display", "AQAPI display\AQAPI display.csproj", "{79C6B557-55C3-48E3-BABD-9D650153B930}"
EndProject
Global
	GlobalSection(SolutionConfigurationPlatforms) = preSolution
		Debug|Any CPU = Debug|Any CPU
		Release|Any CPU = Release|Any CPU
	EndGlobalSection
	GlobalSection(ProjectConfigurationPlatforms) = postSolution
		{79C6B557-55C3-48E3-BABD-9D650153B930}.Debug|Any CPU.ActiveCfg = Debug|Any CPU
		{79C6B557-55C3-48E3-BABD-9D650153B930}.Debug|Any CPU.Build.0 = Debug|Any CPU
		{79C6B557-55C3-48E3-BABD-9D650153B930}.Release|Any CPU.ActiveCfg = Release|Any CPU
		{79C6B557-55C3-48E3-BABD-9D650153B930}.Release|Any CPU.Build.0 = Release|Any CPU
	EndGlobalSection
	GlobalSection(SolutionProperties) = preSolution
		HideSolutionNode = FALSE
	EndGlobalSection
	GlobalSection(ExtensibilityGlobals) = postSolution
		SolutionGuid = {74FFA733-D313-43A2-A8FF-D6F34ECDADE6}
	EndGlobalSection
EndGlobal
